<?xml version="1.0" encoding="UTF-8" standalone="yes" ?>
<CodeBlocks_project_file>
	<FileVersion major="1" minor="6" />
	<Project>
		<Option title="sdizo" />
		<Option pch_mode="2" />
		<Option compiler="gcc" />
		<Option virtualFolders="classes\;classes\Structures\;classes\Structures\Array\;classes\Structures\GenericStructure\;classes\views\;classes\helpers\;classes\views\ArrayView\;classes\views\ArrayMenu\;classes\views\GenericView\;" />
		<Build>
			<Target title="Debug">
				<Option output="bin/Debug/sdizo" prefix_auto="1" extension_auto="1" />
				<Option object_output="obj/Debug/" />
				<Option type="1" />
				<Option compiler="gcc" />
				<Compiler>
					<Add option="-g" />
					<Add directory="include" />
				</Compiler>
			</Target>
			<Target title="Release">
				<Option output="bin/Release/sdizo" prefix_auto="1" extension_auto="1" />
				<Option object_output="obj/Release/" />
				<Option type="1" />
				<Option compiler="gcc" />
				<Compiler>
					<Add option="-O2" />
					<Add directory="include" />
				</Compiler>
				<Linker>
					<Add option="-s" />
				</Linker>
			</Target>
		</Build>
		<Compiler>
			<Add option="-Wall" />
			<Add option="-fexceptions" />
		</Compiler>
		<Unit filename="include/Array.h">
			<Option virtualFolder="classes/Structures/Array/" />
		</Unit>
		<Unit filename="include/ArrayMenu.h">
			<Option virtualFolder="classes/views/ArrayMenu/" />
		</Unit>
		<Unit filename="include/ArrayView.h">
			<Option virtualFolder="classes/views/ArrayView/" />
		</Unit>
		<Unit filename="include/GenericStructure.h">
			<Option virtualFolder="classes/Structures/GenericStructure/" />
		</Unit>
		<Unit filename="include/GenericView.h">
			<Option virtualFolder="classes/views/GenericView/" />
		</Unit>
		<Unit filename="main.cpp" />
		<Unit filename="src/Array.cpp">
			<Option virtualFolder="classes/Structures/Array/" />
		</Unit>
		<Unit filename="src/ArrayMenu.cpp">
			<Option virtualFolder="classes/views/ArrayMenu/" />
		</Unit>
		<Unit filename="src/ArrayView.cpp">
			<Option virtualFolder="classes/views/ArrayView/" />
		</Unit>
		<Unit filename="src/GenericStructure.cpp">
			<Option virtualFolder="classes/Structures/GenericStructure/" />
		</Unit>
		<Unit filename="src/GenericView.cpp">
			<Option virtualFolder="classes/views/GenericView/" />
		</Unit>
		<Extensions>
			<code_completion />
			<envvars />
			<debugger />
			<lib_finder disable_auto="1" />
		</Extensions>
	</Project>
</CodeBlocks_project_file>
