<?xml version="1.0" encoding="utf-8"?>
<Project ToolsVersion="4.0" xmlns="http://schemas.microsoft.com/developer/msbuild/2003">
  <ItemGroup>
    <Filter Include="Source Files">
      <UniqueIdentifier>{4FC737F1-C7A5-4376-A066-2A32D752A2FF}</UniqueIdentifier>
      <Extensions>cpp;c;cc;cxx;def;odl;idl;hpj;bat;asm;asmx</Extensions>
    </Filter>
    <Filter Include="Header Files">
      <UniqueIdentifier>{93995380-89BD-4b04-88EB-625FBE52EBFB}</UniqueIdentifier>
      <Extensions>h;hh;hpp;hxx;hm;inl;inc;xsd</Extensions>
    </Filter>
    <Filter Include="Resource Files">
      <UniqueIdentifier>{67DA6AB6-F800-4c08-8B7A-83BB121AAD01}</UniqueIdentifier>
      <Extensions>rc;ico;cur;bmp;dlg;rc2;rct;bin;rgs;gif;jpg;jpeg;jpe;resx;tiff;tif;png;wav;mfcribbon-ms</Extensions>
    </Filter>
  </ItemGroup>
  <ItemGroup>
    <Text Include="resource\bst.txt">
      <Filter>Resource Files</Filter>
    </Text>
    <Text Include="resource\input.txt">
      <Filter>Resource Files</Filter>
    </Text>
    <Text Include="resource\asc.txt" />
    <Text Include="resource\desc.txt" />
    <Text Include="resource\9.txt" />
  </ItemGroup>
  <ItemGroup>
    <ClInclude Include="resource.h">
      <Filter>Header Files</Filter>
    </ClInclude>
    <ClInclude Include="source\sdizo.h">
      <Filter>Header Files</Filter>
    </ClInclude>
    <ClInclude Include="source\controllers\appController\AppController.h">
      <Filter>Source Files</Filter>
    </ClInclude>
    <ClInclude Include="source\controllers\arrayController\ArrayController.h">
      <Filter>Source Files</Filter>
    </ClInclude>
    <ClInclude Include="source\controllers\bstController\BSTController.h">
      <Filter>Source Files</Filter>
    </ClInclude>
    <ClInclude Include="source\controllers\genericController\GenericController.h">
      <Filter>Source Files</Filter>
    </ClInclude>
    <ClInclude Include="source\controllers\heapController\HeapController.h">
      <Filter>Source Files</Filter>
    </ClInclude>
    <ClInclude Include="source\controllers\listController\ListController.h">
      <Filter>Source Files</Filter>
    </ClInclude>
    <ClInclude Include="source\structures\array\Array.h">
      <Filter>Source Files</Filter>
    </ClInclude>
    <ClInclude Include="source\structures\bst\BST.h">
      <Filter>Source Files</Filter>
    </ClInclude>
    <ClInclude Include="source\structures\genericStructure\GenericStructure.h">
      <Filter>Source Files</Filter>
    </ClInclude>
    <ClInclude Include="source\structures\heap\Heap.h">
      <Filter>Source Files</Filter>
    </ClInclude>
    <ClInclude Include="source\structures\list\List.h">
      <Filter>Source Files</Filter>
    </ClInclude>
    <ClInclude Include="source\utilities\NotImplementedException.h">
      <Filter>Source Files</Filter>
    </ClInclude>
    <ClInclude Include="source\views\app\appMenu.h">
      <Filter>Source Files</Filter>
    </ClInclude>
    <ClInclude Include="source\views\array\ArrayMenu.h">
      <Filter>Source Files</Filter>
    </ClInclude>
    <ClInclude Include="source\views\bst\BSTMenu.h">
      <Filter>Source Files</Filter>
    </ClInclude>
    <ClInclude Include="source\views\genericView\GenericView.h">
      <Filter>Source Files</Filter>
    </ClInclude>
    <ClInclude Include="source\views\heap\heapMenu.h">
      <Filter>Source Files</Filter>
    </ClInclude>
    <ClInclude Include="source\views\list\listMenu.h">
      <Filter>Source Files</Filter>
    </ClInclude>
    <ClInclude Include="stdafx.h">
      <Filter>Header Files</Filter>
    </ClInclude>
    <ClInclude Include="targetver.h">
      <Filter>Header Files</Filter>
    </ClInclude>
    <ClInclude Include="source\views\rbTree\rbTreeMenu.h">
      <Filter>Header Files</Filter>
    </ClInclude>
    <ClInclude Include="source\structures\rbTree\rbTree.h">
      <Filter>Header Files</Filter>
    </ClInclude>
    <ClInclude Include="source\controllers\rbTreeController\rbTreeController.h">
      <Filter>Header Files</Filter>
    </ClInclude>
  </ItemGroup>
  <ItemGroup>
    <ClCompile Include="source\sdizo.cpp">
      <Filter>Source Files</Filter>
    </ClCompile>
    <ClCompile Include="source\controllers\appController\AppController.cpp">
      <Filter>Source Files</Filter>
    </ClCompile>
    <ClCompile Include="source\controllers\arrayController\ArrayController.cpp">
      <Filter>Source Files</Filter>
    </ClCompile>
    <ClCompile Include="source\controllers\bstController\BSTController.cpp">
      <Filter>Source Files</Filter>
    </ClCompile>
    <ClCompile Include="source\controllers\genericController\GenericController.cpp">
      <Filter>Source Files</Filter>
    </ClCompile>
    <ClCompile Include="source\controllers\heapController\HeapController.cpp">
      <Filter>Source Files</Filter>
    </ClCompile>
    <ClCompile Include="source\controllers\listController\ListController.cpp">
      <Filter>Source Files</Filter>
    </ClCompile>
    <ClCompile Include="source\structures\array\Array.cpp">
      <Filter>Source Files</Filter>
    </ClCompile>
    <ClCompile Include="source\structures\bst\BST.cpp">
      <Filter>Source Files</Filter>
    </ClCompile>
    <ClCompile Include="source\structures\heap\Heap.cpp">
      <Filter>Source Files</Filter>
    </ClCompile>
    <ClCompile Include="source\structures\list\List.cpp">
      <Filter>Source Files</Filter>
    </ClCompile>
    <ClCompile Include="source\views\app\appMenu.cpp">
      <Filter>Source Files</Filter>
    </ClCompile>
    <ClCompile Include="source\views\array\ArrayMenu.cpp">
      <Filter>Source Files</Filter>
    </ClCompile>
    <ClCompile Include="source\views\bst\BSTMenu.cpp">
      <Filter>Source Files</Filter>
    </ClCompile>
    <ClCompile Include="source\views\heap\heapMenu.cpp">
      <Filter>Source Files</Filter>
    </ClCompile>
    <ClCompile Include="source\views\list\listMenu.cpp">
      <Filter>Source Files</Filter>
    </ClCompile>
    <ClCompile Include="stdafx.cpp">
      <Filter>Source Files</Filter>
    </ClCompile>
    <ClCompile Include="source\views\rbTree\rbTreeMenu.cpp">
      <Filter>Source Files</Filter>
    </ClCompile>
    <ClCompile Include="source\structures\rbTree\rbTree.cpp">
      <Filter>Source Files</Filter>
    </ClCompile>
    <ClCompile Include="source\controllers\rbTreeController\rbTreeController.cpp">
      <Filter>Source Files</Filter>
    </ClCompile>
  </ItemGroup>
  <ItemGroup>
    <ResourceCompile Include="sdizo.rc">
      <Filter>Resource Files</Filter>
    </ResourceCompile>
  </ItemGroup>
  <ItemGroup>
    <None Include="ClassDiagram.cd" />
  </ItemGroup>
</Project>