<?xml version="1.0" encoding="utf-8"?>
<Project ToolsVersion="4.0" xmlns="http://schemas.microsoft.com/developer/msbuild/2003">
  <ItemGroup>
    <Filter Include="Source Files">
      <UniqueIdentifier>{4FC737F1-C7A5-4376-A066-2A32D752A2FF}</UniqueIdentifier>
      <Extensions>cpp;c;cc;cxx;def;odl;idl;hpj;bat;asm;asmx</Extensions>
    </Filter>
    <Filter Include="Header Files">
      <UniqueIdentifier>{93995380-89BD-4b04-88EB-625FBE52EBFB}</UniqueIdentifier>
      <Extensions>h;hh;hpp;hxx;hm;inl;inc;xsd</Extensions>
    </Filter>
    <Filter Include="Resource Files">
      <UniqueIdentifier>{67DA6AB6-F800-4c08-8B7A-83BB121AAD01}</UniqueIdentifier>
      <Extensions>rc;ico;cur;bmp;dlg;rc2;rct;bin;rgs;gif;jpg;jpeg;jpe;resx;tiff;tif;png;wav;mfcribbon-ms</Extensions>
    </Filter>
  </ItemGroup>
  <ItemGroup>
    <Text Include="ReadMe.txt" />
    <Text Include="input.txt">
      <Filter>Resource Files</Filter>
    </Text>
    <Text Include="bst.txt">
      <Filter>Resource Files</Filter>
    </Text>
  </ItemGroup>
  <ItemGroup>
    <ClInclude Include="stdafx.h">
      <Filter>Header Files</Filter>
    </ClInclude>
    <ClInclude Include="targetver.h">
      <Filter>Header Files</Filter>
    </ClInclude>
    <ClInclude Include="sdizo.h">
      <Filter>Header Files</Filter>
    </ClInclude>
    <ClInclude Include="resource.h">
      <Filter>Header Files</Filter>
    </ClInclude>
    <ClInclude Include="AppController.h">
      <Filter>Source Files</Filter>
    </ClInclude>
    <ClInclude Include="ArrayController.h">
      <Filter>Source Files</Filter>
    </ClInclude>
    <ClInclude Include="BSTController.h">
      <Filter>Source Files</Filter>
    </ClInclude>
    <ClInclude Include="GenericController.h">
      <Filter>Source Files</Filter>
    </ClInclude>
    <ClInclude Include="HeapController.h">
      <Filter>Source Files</Filter>
    </ClInclude>
    <ClInclude Include="ListController.h">
      <Filter>Source Files</Filter>
    </ClInclude>
    <ClInclude Include="Array.h">
      <Filter>Source Files</Filter>
    </ClInclude>
    <ClInclude Include="BST.h">
      <Filter>Source Files</Filter>
    </ClInclude>
    <ClInclude Include="GenericStructure.h">
      <Filter>Source Files</Filter>
    </ClInclude>
    <ClInclude Include="Heap.h">
      <Filter>Source Files</Filter>
    </ClInclude>
    <ClInclude Include="List.h">
      <Filter>Source Files</Filter>
    </ClInclude>
    <ClInclude Include="NotImplementedException.h">
      <Filter>Source Files</Filter>
    </ClInclude>
    <ClInclude Include="appMenu.h">
      <Filter>Source Files</Filter>
    </ClInclude>
    <ClInclude Include="ArrayMenu.h">
      <Filter>Source Files</Filter>
    </ClInclude>
    <ClInclude Include="BSTMenu.h">
      <Filter>Source Files</Filter>
    </ClInclude>
    <ClInclude Include="GenericView.h">
      <Filter>Source Files</Filter>
    </ClInclude>
    <ClInclude Include="heapMenu.h">
      <Filter>Source Files</Filter>
    </ClInclude>
    <ClInclude Include="listMenu.h">
      <Filter>Source Files</Filter>
    </ClInclude>
  </ItemGroup>
  <ItemGroup>
    <ClCompile Include="stdafx.cpp">
      <Filter>Source Files</Filter>
    </ClCompile>
    <ClCompile Include="sdizo.cpp">
      <Filter>Source Files</Filter>
    </ClCompile>
    <ClCompile Include="AppController.cpp">
      <Filter>Source Files</Filter>
    </ClCompile>
    <ClCompile Include="ArrayController.cpp">
      <Filter>Source Files</Filter>
    </ClCompile>
    <ClCompile Include="BSTController.cpp">
      <Filter>Source Files</Filter>
    </ClCompile>
    <ClCompile Include="GenericController.cpp">
      <Filter>Source Files</Filter>
    </ClCompile>
    <ClCompile Include="HeapController.cpp">
      <Filter>Source Files</Filter>
    </ClCompile>
    <ClCompile Include="ListController.cpp">
      <Filter>Source Files</Filter>
    </ClCompile>
    <ClCompile Include="Array.cpp">
      <Filter>Source Files</Filter>
    </ClCompile>
    <ClCompile Include="BST.cpp">
      <Filter>Source Files</Filter>
    </ClCompile>
    <ClCompile Include="Heap.cpp">
      <Filter>Source Files</Filter>
    </ClCompile>
    <ClCompile Include="List.cpp">
      <Filter>Source Files</Filter>
    </ClCompile>
    <ClCompile Include="appMenu.cpp">
      <Filter>Source Files</Filter>
    </ClCompile>
    <ClCompile Include="ArrayMenu.cpp">
      <Filter>Source Files</Filter>
    </ClCompile>
    <ClCompile Include="BSTMenu.cpp">
      <Filter>Source Files</Filter>
    </ClCompile>
    <ClCompile Include="heapMenu.cpp">
      <Filter>Source Files</Filter>
    </ClCompile>
    <ClCompile Include="listMenu.cpp">
      <Filter>Source Files</Filter>
    </ClCompile>
  </ItemGroup>
  <ItemGroup>
    <ResourceCompile Include="sdizo.rc">
      <Filter>Resource Files</Filter>
    </ResourceCompile>
  </ItemGroup>
</Project>